# This file is automatically @generated by Cargo.
# It is not intended for manual editing.
version = 3

[[package]]
name = "add_generics"
version = "0.1.0"

[[package]]
name = "autocfg"
version = "1.1.0"
source = "registry+https://github.com/rust-lang/crates.io-index"
checksum = "d468802bab17cbc0cc575e9b053f41e72aa36bfa6b7f55e3529ffa43161b97fa"

[[package]]
name = "bingocard"
version = "0.1.0"
dependencies = [
 "rand 0.8.5",
]

[[package]]
name = "bingocard_vec"
version = "0.1.0"
dependencies = [
 "rand 0.8.5",
]

[[package]]
name = "bitflags"
version = "2.3.3"
source = "registry+https://github.com/rust-lang/crates.io-index"
checksum = "630be753d4e58660abd17930c71b647fe46c27ea6b63cc59e1e3851406972e42"

[[package]]
name = "bmi"
version = "0.1.0"

[[package]]
name = "bmi_checker"
version = "0.1.0"

[[package]]
name = "bmi_struct"
version = "0.1.0"

[[package]]
name = "caesar_enc"
version = "0.1.0"

[[package]]
name = "caesar_enc2"
version = "0.1.0"

[[package]]
name = "calc_price"
version = "0.1.0"

[[package]]
name = "cc"
version = "1.0.79"
source = "registry+https://github.com/rust-lang/crates.io-index"
checksum = "50d30906286121d95be3d479533b458f87493b30a4b5f79a607db8f5d11aa91f"

[[package]]
name = "cfg-if"
version = "1.0.0"
source = "registry+https://github.com/rust-lang/crates.io-index"
checksum = "baf1de4339761588bc0619e3cbc0120ee582ebb74b53b4efbf79117bd2da40fd"

[[package]]
name = "check3"
version = "0.1.0"

[[package]]
name = "check_range"
version = "0.1.0"

[[package]]
name = "coin"
version = "0.1.0"

[[package]]
name = "colored"
version = "2.0.4"
source = "registry+https://github.com/rust-lang/crates.io-index"
checksum = "2674ec482fbc38012cf31e6c42ba0177b431a0cb6f15fe40efa5aab1bda516f6"
dependencies = [
 "is-terminal",
 "lazy_static",
 "windows-sys",
]

[[package]]
name = "counter"
version = "0.1.0"

[[package]]
name = "counter_fix"
version = "0.1.0"

[[package]]
name = "cur_files"
version = "0.1.0"

[[package]]
name = "dice"
version = "0.1.0"
dependencies = [
 "rand 0.8.5",
]

[[package]]
name = "dictionary"
version = "0.1.0"

[[package]]
name = "enc_save_load"
version = "0.1.0"
dependencies = [
 "encoding_rs",
]

[[package]]
name = "encoding_rs"
version = "0.8.32"
source = "registry+https://github.com/rust-lang/crates.io-index"
checksum = "071a31f4ee85403370b58aca746f01041ede6f0da2730960ad001edc2b71b394"
dependencies = [
 "cfg-if",
]

[[package]]
name = "era_name"
version = "0.1.0"

[[package]]
name = "errno"
version = "0.3.1"
source = "registry+https://github.com/rust-lang/crates.io-index"
checksum = "4bcfec3a70f97c962c307b2d2c56e358cf1d00b558d74262b5f929ee8cc7e73a"
dependencies = [
 "errno-dragonfly",
 "libc",
 "windows-sys",
]

[[package]]
name = "errno-dragonfly"
version = "0.1.2"
source = "registry+https://github.com/rust-lang/crates.io-index"
checksum = "aa68f1b12764fab894d2755d2518754e71b4fd80ecfb822714a1206c2aab39bf"
dependencies = [
 "cc",
 "libc",
]

[[package]]
name = "findfile"
version = "0.1.0"

[[package]]
name = "fizzbuzz"
version = "0.1.0"

[[package]]
name = "fizzbuzz_file"
version = "0.1.0"

[[package]]
name = "fizzbuzz_file2"
version = "0.1.0"

[[package]]
name = "fobonacci"
version = "0.1.0"

[[package]]
name = "getrandom"
version = "0.2.10"
source = "registry+https://github.com/rust-lang/crates.io-index"
checksum = "be4136b2a15dd319360be1c07d9933517ccf0be8f16bf62a3bee4f0d618df427"
dependencies = [
 "cfg-if",
 "libc",
 "wasi",
]

[[package]]
name = "globalvars"
version = "0.1.0"

[[package]]
name = "gugu"
version = "0.1.0"

[[package]]
name = "hermit-abi"
version = "0.3.2"
source = "registry+https://github.com/rust-lang/crates.io-index"
checksum = "443144c8cdadd93ebf52ddb4056d257f5b52c04d3c804e657d19eb73fc33668b"

[[package]]
name = "is-terminal"
version = "0.4.9"
source = "registry+https://github.com/rust-lang/crates.io-index"
checksum = "cb0889898416213fab133e1d33a0e5858a48177452750691bde3666d0fdbaf8b"
dependencies = [
 "hermit-abi",
 "rustix",
 "windows-sys",
]

[[package]]
name = "iter_array_string_fix"
version = "0.1.0"

[[package]]
name = "iter_fib"
version = "0.1.0"

[[package]]
name = "iter_prime"
version = "0.1.0"

[[package]]
name = "korean_month"
version = "0.1.0"

[[package]]
name = "lazy_static"
version = "1.4.0"
source = "registry+https://github.com/rust-lang/crates.io-index"
checksum = "e2abad23fbc42b3700f2f279844dc832adb2b2eb069b2df918f455c4e18cc646"

[[package]]
name = "libc"
version = "0.2.147"
source = "registry+https://github.com/rust-lang/crates.io-index"
checksum = "b4668fb0ea861c1df094127ac5f1da3409a82116a4ba74fca2e58ef927159bb3"

[[package]]
name = "linux-raw-sys"
version = "0.4.3"
source = "registry+https://github.com/rust-lang/crates.io-index"
checksum = "09fc20d2ca12cb9f044c93e3bd6d32d523e6e2ec3db4f7b2939cd99026ecd3f0"

[[package]]
name = "match_bmi"
version = "0.1.0"

[[package]]
name = "match_fizzbuzz"
version = "0.1.0"

[[package]]
name = "maze"
version = "0.1.0"
dependencies = [
 "rand 0.8.5",
]

[[package]]
name = "method_bmi"
version = "0.1.0"

[[package]]
name = "mod_random"
version = "0.1.0"

[[package]]
name = "mutarg"
version = "0.1.0"

[[package]]
name = "mytest"
version = "0.1.0"

[[package]]
name = "mytest2"
version = "0.1.0"

[[package]]
name = "mytest_data"
version = "0.1.0"

[[package]]
name = "mytest_struct"
version = "0.1.0"

[[package]]
name = "mytree"
version = "0.1.0"
dependencies = [
 "colored",
]

[[package]]
name = "num-bigint"
version = "0.4.3"
source = "registry+https://github.com/rust-lang/crates.io-index"
checksum = "f93ab6289c7b344a8a9f60f88d80aa20032336fe78da341afc91c8a2341fc75f"
dependencies = [
 "autocfg",
 "num-integer",
 "num-traits",
]

[[package]]
name = "num-integer"
version = "0.1.45"
source = "registry+https://github.com/rust-lang/crates.io-index"
checksum = "225d3389fb3509a24c93f5c29eb6bde2586b98d9f016636dff58d7c6f7569cd9"
dependencies = [
 "autocfg",
 "num-traits",
]

[[package]]
name = "num-traits"
version = "0.2.15"
source = "registry+https://github.com/rust-lang/crates.io-index"
checksum = "578ede34cf02f8924ab9447f50c28075b4d3e5b269972345e7e0372b38c6cdcd"
dependencies = [
 "autocfg",
]

[[package]]
name = "owner_func_mut"
version = "0.1.0"

[[package]]
name = "pow1234_5678"
version = "0.1.0"
dependencies = [
 "num-bigint",
]

[[package]]
name = "ppv-lite86"
version = "0.2.17"
source = "registry+https://github.com/rust-lang/crates.io-index"
checksum = "5b40af805b3121feab8a3c29f04d8ad262fa8e0561883e7653e024ae4479e6de"

[[package]]
name = "prime100"
version = "0.1.0"

[[package]]
name = "print_args_vec"
version = "0.1.0"

[[package]]
name = "rand"
version = "0.1.0"

[[package]]
name = "rand"
version = "0.8.5"
source = "registry+https://github.com/rust-lang/crates.io-index"
checksum = "34af8d1a0e25924bc5b7c43c079c942339d8f0a8b57c39049bef581b46327404"
dependencies = [
 "libc",
 "rand_chacha",
 "rand_core",
]

[[package]]
name = "rand_chacha"
version = "0.3.1"
source = "registry+https://github.com/rust-lang/crates.io-index"
checksum = "e6c10a63a0fa32252be49d21e7709d4d4baf8d231c2dbce1eaa8141b9b127d88"
dependencies = [
 "ppv-lite86",
 "rand_core",
]

[[package]]
name = "rand_core"
version = "0.6.4"
source = "registry+https://github.com/rust-lang/crates.io-index"
checksum = "ec0be4795e2f6a28069bec0b5ff3e2ac9bafc99e6a9a7dc3547996c5c816922c"
dependencies = [
 "getrandom",
]

[[package]]
name = "rand_global"
version = "0.1.0"

[[package]]
name = "rand_xorshift"
version = "0.1.0"

[[package]]
name = "read_file"
version = "0.1.0"

[[package]]
name = "rec_fib"
version = "0.1.0"

[[package]]
name = "rpn_calc_joonhoson"
version = "0.0.1"

[[package]]
name = "rpn_calc_joonhoson"
version = "0.0.1"
source = "registry+https://github.com/rust-lang/crates.io-index"
checksum = "1facc714f0d19178084ec95dee3074133207b5ff32d82a863a91421c11825f51"

[[package]]
name = "rpn_test"
version = "0.1.0"
dependencies = [
 "rpn_calc_joonhoson 0.0.1 (registry+https://github.com/rust-lang/crates.io-index)",
]

[[package]]
name = "rustix"
version = "0.38.4"
source = "registry+https://github.com/rust-lang/crates.io-index"
checksum = "0a962918ea88d644592894bc6dc55acc6c0956488adcebbfb6e273506b7fd6e5"
dependencies = [
 "bitflags",
 "errno",
 "libc",
 "linux-raw-sys",
 "windows-sys",
]

[[package]]
name = "str_find"
version = "0.1.0"

[[package]]
name = "str_hex"
version = "0.1.0"

[[package]]
name = "str_index_fix"
version = "0.1.0"

[[package]]
name = "str_replace"
version = "0.1.0"

[[package]]
name = "str_split_telno"
version = "0.1.0"

[[package]]
name = "str_static"
version = "0.1.0"

[[package]]
name = "str_substr"
version = "0.1.0"

[[package]]
name = "str_tobytes"
version = "0.1.0"

[[package]]
name = "str_tochars"
version = "0.1.0"

[[package]]
name = "struct_copy_fix"
version = "0.1.0"

[[package]]
name = "struct_method_generics"
version = "0.1.0"

[[package]]
name = "struct_new"
version = "0.1.0"

[[package]]
name = "struct_wh"
version = "0.1.0"

[[package]]
name = "sum_args"
version = "0.1.0"

[[package]]
name = "sum_textfile"
version = "0.1.0"

[[package]]
name = "trait_treasurebox"
version = "0.1.0"

[[package]]
name = "tuple_goods_struct"
version = "0.1.0"

[[package]]
name = "wallet"
version = "0.1.0"

[[package]]
name = "wasi"
version = "0.11.0+wasi-snapshot-preview1"
source = "registry+https://github.com/rust-lang/crates.io-index"
checksum = "9c8d87e72b64a3b4db28d11ce29237c246188f4f51057d65a7eab63b7987e423"

[[package]]
name = "windows-sys"
version = "0.48.0"
source = "registry+https://github.com/rust-lang/crates.io-index"
checksum = "677d2418bec65e3338edb076e806bc1ec15693c5d0104683f2efe857f61056a9"
dependencies = [
 "windows-targets",
]

[[package]]
name = "windows-targets"
version = "0.48.1"
source = "registry+https://github.com/rust-lang/crates.io-index"
checksum = "05d4b17490f70499f20b9e791dcf6a299785ce8af4d709018206dc5b4953e95f"
dependencies = [
 "windows_aarch64_gnullvm",
 "windows_aarch64_msvc",
 "windows_i686_gnu",
 "windows_i686_msvc",
 "windows_x86_64_gnu",
 "windows_x86_64_gnullvm",
 "windows_x86_64_msvc",
]

[[package]]
name = "windows_aarch64_gnullvm"
version = "0.48.0"
source = "registry+https://github.com/rust-lang/crates.io-index"
checksum = "91ae572e1b79dba883e0d315474df7305d12f569b400fcf90581b06062f7e1bc"

[[package]]
name = "windows_aarch64_msvc"
version = "0.48.0"
source = "registry+https://github.com/rust-lang/crates.io-index"
checksum = "b2ef27e0d7bdfcfc7b868b317c1d32c641a6fe4629c171b8928c7b08d98d7cf3"

[[package]]
name = "windows_i686_gnu"
version = "0.48.0"
source = "registry+https://github.com/rust-lang/crates.io-index"
checksum = "622a1962a7db830d6fd0a69683c80a18fda201879f0f447f065a3b7467daa241"

[[package]]
name = "windows_i686_msvc"
version = "0.48.0"
source = "registry+https://github.com/rust-lang/crates.io-index"
checksum = "4542c6e364ce21bf45d69fdd2a8e455fa38d316158cfd43b3ac1c5b1b19f8e00"

[[package]]
name = "windows_x86_64_gnu"
version = "0.48.0"
source = "registry+https://github.com/rust-lang/crates.io-index"
checksum = "ca2b8a661f7628cbd23440e50b05d705db3686f894fc9580820623656af974b1"

[[package]]
name = "windows_x86_64_gnullvm"
version = "0.48.0"
source = "registry+https://github.com/rust-lang/crates.io-index"
checksum = "7896dbc1f41e08872e9d5e8f8baa8fdd2677f29468c4e156210174edc7f7b953"

[[package]]
name = "windows_x86_64_msvc"
version = "0.48.0"
source = "registry+https://github.com/rust-lang/crates.io-index"
checksum = "1a515f5799fe4961cb532f983ce2b23082366b898e52ffbce459c86f67c8378a"
